{
  "version": 4,
  "terraform_version": "0.14.3",
  "serial": 7,
  "lineage": "889c3801-c925-da9c-7c1a-84f60f8ae466",
  "outputs": {},
  "resources": [
    {
      "mode": "managed",
      "type": "aws_s3_bucket",
      "name": "datalake",
      "provider": "provider[\"registry.terraform.io/hashicorp/aws\"]",
      "instances": [
        {
          "schema_version": 0,
          "attributes": {
            "acceleration_status": "",
            "acl": "private",
            "arn": "arn:aws:s3:::datalake-igti-tf-producao-449441604967",
            "bucket": "datalake-igti-tf-producao-449441604967",
            "bucket_domain_name": "datalake-igti-tf-producao-449441604967.s3.amazonaws.com",
            "bucket_prefix": null,
            "bucket_regional_domain_name": "datalake-igti-tf-producao-449441604967.s3.sa-east-1.amazonaws.com",
            "cors_rule": [],
            "force_destroy": false,
            "grant": [],
            "hosted_zone_id": "Z7KQH4QJS55SO",
            "id": "datalake-igti-tf-producao-449441604967",
            "lifecycle_rule": [],
            "logging": [],
            "object_lock_configuration": [],
            "policy": null,
            "region": "sa-east-1",
            "replication_configuration": [],
            "request_payer": "BucketOwner",
            "server_side_encryption_configuration": [
              {
                "rule": [
                  {
                    "apply_server_side_encryption_by_default": [
                      {
                        "kms_master_key_id": "",
                        "sse_algorithm": "AES256"
                      }
                    ],
                    "bucket_key_enabled": false
                  }
                ]
              }
            ],
            "tags": {
              "CURSO": "EDC",
              "IES": "IGTI"
            },
            "tags_all": {
              "CURSO": "EDC",
              "IES": "IGTI"
            },
            "versioning": [
              {
                "enabled": false,
                "mfa_delete": false
              }
            ],
            "website": [],
            "website_domain": null,
            "website_endpoint": null
          },
          "sensitive_attributes": [],
          "private": "bnVsbA=="
        }
      ]
    },
    {
      "mode": "managed",
      "type": "aws_s3_bucket_object",
      "name": "codigo_spark",
      "provider": "provider[\"registry.terraform.io/hashicorp/aws\"]",
      "instances": [
        {
          "schema_version": 0,
          "attributes": {
            "acl": "private",
            "bucket": "datalake-igti-tf-producao-449441604967",
            "bucket_key_enabled": false,
            "cache_control": "",
            "content": null,
            "content_base64": null,
            "content_disposition": "",
            "content_encoding": "",
            "content_language": "",
            "content_type": "binary/octet-stream",
            "etag": "b1de9f6074a8ce9f0b66442c2ea88ca0",
            "force_destroy": false,
            "id": "emr-code/pyspark/job_spark_from_tf.py",
            "key": "emr-code/pyspark/job_spark_from_tf.py",
            "kms_key_id": null,
            "metadata": {},
            "object_lock_legal_hold_status": "",
            "object_lock_mode": "",
            "object_lock_retain_until_date": "",
            "server_side_encryption": "AES256",
            "source": "../job_spark.py",
            "source_hash": null,
            "storage_class": "STANDARD",
            "tags": {},
            "tags_all": {},
            "version_id": "",
            "website_redirect": ""
          },
          "sensitive_attributes": [],
          "private": "bnVsbA==",
          "dependencies": [
            "aws_s3_bucket.datalake"
          ]
        }
      ]
    }
  ]
}
